// !$*UTF8*$!
{
	archiveVersion = 1;
	classes = {
	};
	objectVersion = 51;
	objects = {

/* Begin PBXBuildFile section */
		832E106425DBC24400ED0940 /* SPFDemoApp.swift in Sources */ = {isa = PBXBuildFile; fileRef = 832E106325DBC24400ED0940 /* SPFDemoApp.swift */; };
		832E106625DBC24400ED0940 /* ContentView.swift in Sources */ = {isa = PBXBuildFile; fileRef = 832E106525DBC24400ED0940 /* ContentView.swift */; };
		832E106825DBC24800ED0940 /* Assets.xcassets in Resources */ = {isa = PBXBuildFile; fileRef = 832E106725DBC24800ED0940 /* Assets.xcassets */; };
		832E106B25DBC24800ED0940 /* Preview Assets.xcassets in Resources */ = {isa = PBXBuildFile; fileRef = 832E106A25DBC24800ED0940 /* Preview Assets.xcassets */; };
		832E107525DBC41A00ED0940 /* RoundedButton.swift in Sources */ = {isa = PBXBuildFile; fileRef = 832E107425DBC41A00ED0940 /* RoundedButton.swift */; };
		832E107825DBEBA500ED0940 /* GoogleService-Info.plist in Resources */ = {isa = PBXBuildFile; fileRef = 832E107725DBEBA400ED0940 /* GoogleService-Info.plist */; };
		832E109B25DBF45A00ED0940 /* Test.swift in Sources */ = {isa = PBXBuildFile; fileRef = 832E109A25DBF45A00ED0940 /* Test.swift */; };
		9497471300E9C6C140A713B1 /* Pods_SPFDemo.framework in Frameworks */ = {isa = PBXBuildFile; fileRef = 790F9DC8EECBD24A0A467868 /* Pods_SPFDemo.framework */; };
/* End PBXBuildFile section */

/* Begin PBXFileReference section */
		4FD1FA5F7479021F395255E4 /* Pods-SPFDemo.release.xcconfig */ = {isa = PBXFileReference; includeInIndex = 1; lastKnownFileType = text.xcconfig; name = "Pods-SPFDemo.release.xcconfig"; path = "Target Support Files/Pods-SPFDemo/Pods-SPFDemo.release.xcconfig"; sourceTree = "<group>"; };
		790F9DC8EECBD24A0A467868 /* Pods_SPFDemo.framework */ = {isa = PBXFileReference; explicitFileType = wrapper.framework; includeInIndex = 0; path = Pods_SPFDemo.framework; sourceTree = BUILT_PRODUCTS_DIR; };
		832E106025DBC24400ED0940 /* SPFDemo.app */ = {isa = PBXFileReference; explicitFileType = wrapper.application; includeInIndex = 0; path = SPFDemo.app; sourceTree = BUILT_PRODUCTS_DIR; };
		832E106325DBC24400ED0940 /* SPFDemoApp.swift */ = {isa = PBXFileReference; lastKnownFileType = sourcecode.swift; path = SPFDemoApp.swift; sourceTree = "<group>"; };
		832E106525DBC24400ED0940 /* ContentView.swift */ = {isa = PBXFileReference; lastKnownFileType = sourcecode.swift; path = ContentView.swift; sourceTree = "<group>"; };
		832E106725DBC24800ED0940 /* Assets.xcassets */ = {isa = PBXFileReference; lastKnownFileType = folder.assetcatalog; path = Assets.xcassets; sourceTree = "<group>"; };
		832E106A25DBC24800ED0940 /* Preview Assets.xcassets */ = {isa = PBXFileReference; lastKnownFileType = folder.assetcatalog; path = "Preview Assets.xcassets"; sourceTree = "<group>"; };
		832E106C25DBC24800ED0940 /* Info.plist */ = {isa = PBXFileReference; lastKnownFileType = text.plist.xml; path = Info.plist; sourceTree = "<group>"; };
		832E107425DBC41A00ED0940 /* RoundedButton.swift */ = {isa = PBXFileReference; lastKnownFileType = sourcecode.swift; path = RoundedButton.swift; sourceTree = "<group>"; };
		832E107725DBEBA400ED0940 /* GoogleService-Info.plist */ = {isa = PBXFileReference; fileEncoding = 4; lastKnownFileType = text.plist.xml; path = "GoogleService-Info.plist"; sourceTree = "<group>"; };
		832E109A25DBF45A00ED0940 /* Test.swift */ = {isa = PBXFileReference; lastKnownFileType = sourcecode.swift; path = Test.swift; sourceTree = "<group>"; };
		AE8E01EB18A831F4E2DC0C8F /* Pods-SPFDemo.debug.xcconfig */ = {isa = PBXFileReference; includeInIndex = 1; lastKnownFileType = text.xcconfig; name = "Pods-SPFDemo.debug.xcconfig"; path = "Target Support Files/Pods-SPFDemo/Pods-SPFDemo.debug.xcconfig"; sourceTree = "<group>"; };
/* End PBXFileReference section */

/* Begin PBXFrameworksBuildPhase section */
		832E105D25DBC24400ED0940 /* Frameworks */ = {
			isa = PBXFrameworksBuildPhase;
			buildActionMask = 2147483647;
			files = (
				9497471300E9C6C140A713B1 /* Pods_SPFDemo.framework in Frameworks */,
			);
			runOnlyForDeploymentPostprocessing = 0;
		};
/* End PBXFrameworksBuildPhase section */

/* Begin PBXGroup section */
		6A2BE973A767A8478C7EAD3D /* Frameworks */ = {
			isa = PBXGroup;
			children = (
				790F9DC8EECBD24A0A467868 /* Pods_SPFDemo.framework */,
			);
			name = Frameworks;
			sourceTree = "<group>";
		};
		832E105725DBC24400ED0940 = {
			isa = PBXGroup;
			children = (
				832E106225DBC24400ED0940 /* SPFDemo */,
				832E106125DBC24400ED0940 /* Products */,
				8FA2ED69F39DE320BFE9B936 /* Pods */,
				6A2BE973A767A8478C7EAD3D /* Frameworks */,
			);
			sourceTree = "<group>";
		};
		832E106125DBC24400ED0940 /* Products */ = {
			isa = PBXGroup;
			children = (
				832E106025DBC24400ED0940 /* SPFDemo.app */,
			);
			name = Products;
			sourceTree = "<group>";
		};
		832E106225DBC24400ED0940 /* SPFDemo */ = {
			isa = PBXGroup;
			children = (
				832E107325DBC32700ED0940 /* Views */,
				832E106325DBC24400ED0940 /* SPFDemoApp.swift */,
				832E106525DBC24400ED0940 /* ContentView.swift */,
				832E106725DBC24800ED0940 /* Assets.xcassets */,
				832E106C25DBC24800ED0940 /* Info.plist */,
				832E107725DBEBA400ED0940 /* GoogleService-Info.plist */,
				832E106925DBC24800ED0940 /* Preview Content */,
				832E109A25DBF45A00ED0940 /* Test.swift */,
			);
			path = SPFDemo;
			sourceTree = "<group>";
		};
		832E106925DBC24800ED0940 /* Preview Content */ = {
			isa = PBXGroup;
			children = (
				832E106A25DBC24800ED0940 /* Preview Assets.xcassets */,
			);
			path = "Preview Content";
			sourceTree = "<group>";
		};
		832E107325DBC32700ED0940 /* Views */ = {
			isa = PBXGroup;
			children = (
				832E107425DBC41A00ED0940 /* RoundedButton.swift */,
			);
			path = Views;
			sourceTree = "<group>";
		};
		8FA2ED69F39DE320BFE9B936 /* Pods */ = {
			isa = PBXGroup;
			children = (
				AE8E01EB18A831F4E2DC0C8F /* Pods-SPFDemo.debug.xcconfig */,
				4FD1FA5F7479021F395255E4 /* Pods-SPFDemo.release.xcconfig */,
			);
			path = Pods;
			sourceTree = "<group>";
		};
/* End PBXGroup section */

/* Begin PBXNativeTarget section */
		832E105F25DBC24400ED0940 /* SPFDemo */ = {
			isa = PBXNativeTarget;
			buildConfigurationList = 832E106F25DBC24800ED0940 /* Build configuration list for PBXNativeTarget "SPFDemo" */;
			buildPhases = (
				6F85F0D0C71166DF0D6C2065 /* [CP] Check Pods Manifest.lock */,
				832E105C25DBC24400ED0940 /* Sources */,
				832E105D25DBC24400ED0940 /* Frameworks */,
				832E105E25DBC24400ED0940 /* Resources */,
				9F730CC4BC84007E49CE4BDE /* [CP] Embed Pods Frameworks */,
				A6562BF9D1D1E6B56DA9D75A /* [CP] Copy Pods Resources */,
			);
			buildRules = (
			);
			dependencies = (
			);
			name = SPFDemo;
			productName = SPFDemo;
			productReference = 832E106025DBC24400ED0940 /* SPFDemo.app */;
			productType = "com.apple.product-type.application";
		};
/* End PBXNativeTarget section */

/* Begin PBXProject section */
		832E105825DBC24400ED0940 /* Project object */ = {
			isa = PBXProject;
			attributes = {
				LastSwiftUpdateCheck = 1230;
				LastUpgradeCheck = 1230;
				TargetAttributes = {
					832E105F25DBC24400ED0940 = {
						CreatedOnToolsVersion = 12.3;
					};
				};
			};
			buildConfigurationList = 832E105B25DBC24400ED0940 /* Build configuration list for PBXProject "SPFDemo" */;
			compatibilityVersion = "Xcode 9.3";
			developmentRegion = en;
			hasScannedForEncodings = 0;
			knownRegions = (
				en,
				Base,
			);
			mainGroup = 832E105725DBC24400ED0940;
			productRefGroup = 832E106125DBC24400ED0940 /* Products */;
			projectDirPath = "";
			projectRoot = "";
			targets = (
				832E105F25DBC24400ED0940 /* SPFDemo */,
			);
		};
/* End PBXProject section */

/* Begin PBXResourcesBuildPhase section */
		832E105E25DBC24400ED0940 /* Resources */ = {
			isa = PBXResourcesBuildPhase;
			buildActionMask = 2147483647;
			files = (
				832E106B25DBC24800ED0940 /* Preview Assets.xcassets in Resources */,
				832E106825DBC24800ED0940 /* Assets.xcassets in Resources */,
				832E107825DBEBA500ED0940 /* GoogleService-Info.plist in Resources */,
			);
			runOnlyForDeploymentPostprocessing = 0;
		};
/* End PBXResourcesBuildPhase section */

/* Begin PBXShellScriptBuildPhase section */
		6F85F0D0C71166DF0D6C2065 /* [CP] Check Pods Manifest.lock */ = {
			isa = PBXShellScriptBuildPhase;
			buildActionMask = 2147483647;
			files = (
			);
			inputFileListPaths = (
			);
			inputPaths = (
				"${PODS_PODFILE_DIR_PATH}/Podfile.lock",
				"${PODS_ROOT}/Manifest.lock",
			);
			name = "[CP] Check Pods Manifest.lock";
			outputFileListPaths = (
			);
			outputPaths = (
				"$(DERIVED_FILE_DIR)/Pods-SPFDemo-checkManifestLockResult.txt",
			);
			runOnlyForDeploymentPostprocessing = 0;
			shellPath = /bin/sh;
			shellScript = "diff \"${PODS_PODFILE_DIR_PATH}/Podfile.lock\" \"${PODS_ROOT}/Manifest.lock\" > /dev/null\nif [ $? != 0 ] ; then\n    # print error to STDERR\n    echo \"error: The sandbox is not in sync with the Podfile.lock. Run 'pod install' or update your CocoaPods installation.\" >&2\n    exit 1\nfi\n# This output is used by Xcode 'outputs' to avoid re-running this script phase.\necho \"SUCCESS\" > \"${SCRIPT_OUTPUT_FILE_0}\"\n";
			showEnvVarsInLog = 0;
		};
		9F730CC4BC84007E49CE4BDE /* [CP] Embed Pods Frameworks */ = {
			isa = PBXShellScriptBuildPhase;
			buildActionMask = 2147483647;
			files = (
			);
			inputFileListPaths = (
				"${PODS_ROOT}/Target Support Files/Pods-SPFDemo/Pods-SPFDemo-frameworks-${CONFIGURATION}-input-files.xcfilelist",
			);
			name = "[CP] Embed Pods Frameworks";
			outputFileListPaths = (
				"${PODS_ROOT}/Target Support Files/Pods-SPFDemo/Pods-SPFDemo-frameworks-${CONFIGURATION}-output-files.xcfilelist",
			);
			runOnlyForDeploymentPostprocessing = 0;
			shellPath = /bin/sh;
			shellScript = "\"${PODS_ROOT}/Target Support Files/Pods-SPFDemo/Pods-SPFDemo-frameworks.sh\"\n";
			showEnvVarsInLog = 0;
		};
		A6562BF9D1D1E6B56DA9D75A /* [CP] Copy Pods Resources */ = {
			isa = PBXShellScriptBuildPhase;
			buildActionMask = 2147483647;
			files = (
			);
			inputFileListPaths = (
				"${PODS_ROOT}/Target Support Files/Pods-SPFDemo/Pods-SPFDemo-resources-${CONFIGURATION}-input-files.xcfilelist",
			);
			name = "[CP] Copy Pods Resources";
			outputFileListPaths = (
				"${PODS_ROOT}/Target Support Files/Pods-SPFDemo/Pods-SPFDemo-resources-${CONFIGURATION}-output-files.xcfilelist",
			);
			runOnlyForDeploymentPostprocessing = 0;
			shellPath = /bin/sh;
			shellScript = "\"${PODS_ROOT}/Target Support Files/Pods-SPFDemo/Pods-SPFDemo-resources.sh\"\n";
			showEnvVarsInLog = 0;
		};
/* End PBXShellScriptBuildPhase section */

/* Begin PBXSourcesBuildPhase section */
		832E105C25DBC24400ED0940 /* Sources */ = {
			isa = PBXSourcesBuildPhase;
			buildActionMask = 2147483647;
			files = (
				832E106625DBC24400ED0940 /* ContentView.swift in Sources */,
				832E109B25DBF45A00ED0940 /* Test.swift in Sources */,
				832E107525DBC41A00ED0940 /* RoundedButton.swift in Sources */,
				832E106425DBC24400ED0940 /* SPFDemoApp.swift in Sources */,
			);
			runOnlyForDeploymentPostprocessing = 0;
		};
/* End PBXSourcesBuildPhase section */

/* Begin XCBuildConfiguration section */
		832E106D25DBC24800ED0940 /* Debug */ = {
			isa = XCBuildConfiguration;
			buildSettings = {
				ALWAYS_SEARCH_USER_PATHS = NO;
				CLANG_ANALYZER_NONNULL = YES;
				CLANG_ANALYZER_NUMBER_OBJECT_CONVERSION = YES_AGGRESSIVE;
				CLANG_CXX_LANGUAGE_STANDARD = "gnu++14";
				CLANG_CXX_LIBRARY = "libc++";
				CLANG_ENABLE_MODULES = YES;
				CLANG_ENABLE_OBJC_ARC = YES;
				CLANG_ENABLE_OBJC_WEAK = YES;
				CLANG_WARN_BLOCK_CAPTURE_AUTORELEASING = YES;
				CLANG_WARN_BOOL_CONVERSION = YES;
				CLANG_WARN_COMMA = YES;
				CLANG_WARN_CONSTANT_CONVERSION = YES;
				CLANG_WARN_DEPRECATED_OBJC_IMPLEMENTATIONS = YES;
				CLANG_WARN_DIRECT_OBJC_ISA_USAGE = YES_ERROR;
				CLANG_WARN_DOCUMENTATION_COMMENTS = YES;
				CLANG_WARN_EMPTY_BODY = YES;
				CLANG_WARN_ENUM_CONVERSION = YES;
				CLANG_WARN_INFINITE_RECURSION = YES;
				CLANG_WARN_INT_CONVERSION = YES;
				CLANG_WARN_NON_LITERAL_NULL_CONVERSION = YES;
				CLANG_WARN_OBJC_IMPLICIT_RETAIN_SELF = YES;
				CLANG_WARN_OBJC_LITERAL_CONVERSION = YES;
				CLANG_WARN_OBJC_ROOT_CLASS = YES_ERROR;
				CLANG_WARN_QUOTED_INCLUDE_IN_FRAMEWORK_HEADER = YES;
				CLANG_WARN_RANGE_LOOP_ANALYSIS = YES;
				CLANG_WARN_STRICT_PROTOTYPES = YES;
				CLANG_WARN_SUSPICIOUS_MOVE = YES;
				CLANG_WARN_UNGUARDED_AVAILABILITY = YES_AGGRESSIVE;
				CLANG_WARN_UNREACHABLE_CODE = YES;
				CLANG_WARN__DUPLICATE_METHOD_MATCH = YES;
				COPY_PHASE_STRIP = NO;
				DEBUG_INFORMATION_FORMAT = dwarf;
				ENABLE_STRICT_OBJC_MSGSEND = YES;
				ENABLE_TESTABILITY = YES;
				GCC_C_LANGUAGE_STANDARD = gnu11;
				GCC_DYNAMIC_NO_PIC = NO;
				GCC_NO_COMMON_BLOCKS = YES;
				GCC_OPTIMIZATION_LEVEL = 0;
				GCC_PREPROCESSOR_DEFINITIONS = (
					"DEBUG=1",
					"$(inherited)",
				);
				GCC_WARN_64_TO_32_BIT_CONVERSION = YES;
				GCC_WARN_ABOUT_RETURN_TYPE = YES_ERROR;
				GCC_WARN_UNDECLARED_SELECTOR = YES;
				GCC_WARN_UNINITIALIZED_AUTOS = YES_AGGRESSIVE;
				GCC_WARN_UNUSED_FUNCTION = YES;
				GCC_WARN_UNUSED_VARIABLE = YES;
				IPHONEOS_DEPLOYMENT_TARGET = 14.3;
				MTL_ENABLE_DEBUG_INFO = INCLUDE_SOURCE;
				MTL_FAST_MATH = YES;
				ONLY_ACTIVE_ARCH = YES;
				SDKROOT = iphoneos;
				SWIFT_ACTIVE_COMPILATION_CONDITIONS = DEBUG;
				SWIFT_OPTIMIZATION_LEVEL = "-Onone";
			};
			name = Debug;
		};
		832E106E25DBC24800ED0940 /* Release */ = {
			isa = XCBuildConfiguration;
			buildSettings = {
				ALWAYS_SEARCH_USER_PATHS = NO;
				CLANG_ANALYZER_NONNULL = YES;
				CLANG_ANALYZER_NUMBER_OBJECT_CONVERSION = YES_AGGRESSIVE;
				CLANG_CXX_LANGUAGE_STANDARD = "gnu++14";
				CLANG_CXX_LIBRARY = "libc++";
				CLANG_ENABLE_MODULES = YES;
				CLANG_ENABLE_OBJC_ARC = YES;
				CLANG_ENABLE_OBJC_WEAK = YES;
				CLANG_WARN_BLOCK_CAPTURE_AUTORELEASING = YES;
				CLANG_WARN_BOOL_CONVERSION = YES;
				CLANG_WARN_COMMA = YES;
				CLANG_WARN_CONSTANT_CONVERSION = YES;
				CLANG_WARN_DEPRECATED_OBJC_IMPLEMENTATIONS = YES;
				CLANG_WARN_DIRECT_OBJC_ISA_USAGE = YES_ERROR;
				CLANG_WARN_DOCUMENTATION_COMMENTS = YES;
				CLANG_WARN_EMPTY_BODY = YES;
				CLANG_WARN_ENUM_CONVERSION = YES;
				CLANG_WARN_INFINITE_RECURSION = YES;
				CLANG_WARN_INT_CONVERSION = YES;
				CLANG_WARN_NON_LITERAL_NULL_CONVERSION = YES;
				CLANG_WARN_OBJC_IMPLICIT_RETAIN_SELF = YES;
				CLANG_WARN_OBJC_LITERAL_CONVERSION = YES;
				CLANG_WARN_OBJC_ROOT_CLASS = YES_ERROR;
				CLANG_WARN_QUOTED_INCLUDE_IN_FRAMEWORK_HEADER = YES;
				CLANG_WARN_RANGE_LOOP_ANALYSIS = YES;
				CLANG_WARN_STRICT_PROTOTYPES = YES;
				CLANG_WARN_SUSPICIOUS_MOVE = YES;
				CLANG_WARN_UNGUARDED_AVAILABILITY = YES_AGGRESSIVE;
				CLANG_WARN_UNREACHABLE_CODE = YES;
				CLANG_WARN__DUPLICATE_METHOD_MATCH = YES;
				COPY_PHASE_STRIP = NO;
				DEBUG_INFORMATION_FORMAT = "dwarf-with-dsym";
				ENABLE_NS_ASSERTIONS = NO;
				ENABLE_STRICT_OBJC_MSGSEND = YES;
				GCC_C_LANGUAGE_STANDARD = gnu11;
				GCC_NO_COMMON_BLOCKS = YES;
				GCC_WARN_64_TO_32_BIT_CONVERSION = YES;
				GCC_WARN_ABOUT_RETURN_TYPE = YES_ERROR;
				GCC_WARN_UNDECLARED_SELECTOR = YES;
				GCC_WARN_UNINITIALIZED_AUTOS = YES_AGGRESSIVE;
				GCC_WARN_UNUSED_FUNCTION = YES;
				GCC_WARN_UNUSED_VARIABLE = YES;
				IPHONEOS_DEPLOYMENT_TARGET = 14.3;
				MTL_ENABLE_DEBUG_INFO = NO;
				MTL_FAST_MATH = YES;
				SDKROOT = iphoneos;
				SWIFT_COMPILATION_MODE = wholemodule;
				SWIFT_OPTIMIZATION_LEVEL = "-O";
				VALIDATE_PRODUCT = YES;
			};
			name = Release;
		};
		832E107025DBC24800ED0940 /* Debug */ = {
			isa = XCBuildConfiguration;
			baseConfigurationReference = AE8E01EB18A831F4E2DC0C8F /* Pods-SPFDemo.debug.xcconfig */;
			buildSettings = {
				ASSETCATALOG_COMPILER_APPICON_NAME = AppIcon;
				ASSETCATALOG_COMPILER_GLOBAL_ACCENT_COLOR_NAME = AccentColor;
				CODE_SIGN_STYLE = Automatic;
				DEVELOPMENT_ASSET_PATHS = "\"SPFDemo/Preview Content\"";
				ENABLE_PREVIEWS = YES;
				INFOPLIST_FILE = SPFDemo/Info.plist;
				IPHONEOS_DEPLOYMENT_TARGET = 14.0;
				LD_RUNPATH_SEARCH_PATHS = (
					"$(inherited)",
					"@executable_path/Frameworks",
				);
				PRODUCT_BUNDLE_IDENTIFIER = com.rohit.SPFDemo;
				PRODUCT_NAME = "$(TARGET_NAME)";
				SWIFT_VERSION = 5.0;
				TARGETED_DEVICE_FAMILY = "1,2";
			};
			name = Debug;
		};
		832E107125DBC24800ED0940 /* Release */ = {
			isa = XCBuildConfiguration;
			baseConfigurationReference = 4FD1FA5F7479021F395255E4 /* Pods-SPFDemo.release.xcconfig */;
			buildSettings = {
				ASSETCATALOG_COMPILER_APPICON_NAME = AppIcon;
				ASSETCATALOG_COMPILER_GLOBAL_ACCENT_COLOR_NAME = AccentColor;
				CODE_SIGN_STYLE = Automatic;
				DEVELOPMENT_ASSET_PATHS = "\"SPFDemo/Preview Content\"";
				ENABLE_PREVIEWS = YES;
				INFOPLIST_FILE = SPFDemo/Info.plist;
				IPHONEOS_DEPLOYMENT_TARGET = 14.0;
				LD_RUNPATH_SEARCH_PATHS = (
					"$(inherited)",
					"@executable_path/Frameworks",
				);
				PRODUCT_BUNDLE_IDENTIFIER = com.rohit.SPFDemo;
				PRODUCT_NAME = "$(TARGET_NAME)";
				SWIFT_VERSION = 5.0;
				TARGETED_DEVICE_FAMILY = "1,2";
			};
			name = Release;
		};
/* End XCBuildConfiguration section */

/* Begin XCConfigurationList section */
		832E105B25DBC24400ED0940 /* Build configuration list for PBXProject "SPFDemo" */ = {
			isa = XCConfigurationList;
			buildConfigurations = (
				832E106D25DBC24800ED0940 /* Debug */,
				832E106E25DBC24800ED0940 /* Release */,
			);
			defaultConfigurationIsVisible = 0;
			defaultConfigurationName = Release;
		};
		832E106F25DBC24800ED0940 /* Build configuration list for PBXNativeTarget "SPFDemo" */ = {
			isa = XCConfigurationList;
			buildConfigurations = (
				832E107025DBC24800ED0940 /* Debug */,
				832E107125DBC24800ED0940 /* Release */,
			);
			defaultConfigurationIsVisible = 0;
			defaultConfigurationName = Release;
		};
/* End XCConfigurationList section */
	};
	rootObject = 832E105825DBC24400ED0940 /* Project object */;
}
